
Microsoft Visual Studio Solution File, Format Version 12.00
# Visual Studio Version 17
VisualStudioVersion = 17.13.35913.81 d17.13
MinimumVisualStudioVersion = 10.0.40219.1
Project("{FAE04EC0-301F-11D3-BF4B-00C04F79EFBC}") = "TlvJwtProcessorConsole", "TlvJwtProcessorConsole.csproj", "{86E70F27-07CB-46D9-A4F2-306F19DAC331}"
EndProject
Global
	GlobalSection(SolutionConfigurationPlatforms) = preSolution
		Debug|Any CPU = Debug|Any CPU
		Release|Any CPU = Release|Any CPU
	EndGlobalSection
	GlobalSection(ProjectConfigurationPlatforms) = postSolution
		{86E70F27-07CB-46D9-A4F2-306F19DAC331}.Debug|Any CPU.ActiveCfg = Debug|Any CPU
		{86E70F27-07CB-46D9-A4F2-306F19DAC331}.Debug|Any CPU.Build.0 = Debug|Any CPU
		{86E70F27-07CB-46D9-A4F2-306F19DAC331}.Release|Any CPU.ActiveCfg = Release|Any CPU
		{86E70F27-07CB-46D9-A4F2-306F19DAC331}.Release|Any CPU.Build.0 = Release|Any CPU
	EndGlobalSection
	GlobalSection(SolutionProperties) = preSolution
		HideSolutionNode = FALSE
	EndGlobalSection
	GlobalSection(ExtensibilityGlobals) = postSolution
		SolutionGuid = {2A3F5144-9A6C-4187-B346-2EF0FEB43B33}
	EndGlobalSection
EndGlobal
